<?xml version="1.0" encoding="utf-8"?>
<Project ToolsVersion="4.0" xmlns="http://schemas.microsoft.com/developer/msbuild/2003">
  <ItemGroup>
    <Filter Include="Source Files">
      <UniqueIdentifier>{4FC737F1-C7A5-4376-A066-2A32D752A2FF}</UniqueIdentifier>
      <Extensions>cpp;c;cc;cxx;def;odl;idl;hpj;bat;asm;asmx</Extensions>
    </Filter>
    <Filter Include="Header Files">
      <UniqueIdentifier>{93995380-89BD-4b04-88EB-625FBE52EBFB}</UniqueIdentifier>
      <Extensions>h;hh;hpp;hxx;hm;inl;inc;xsd</Extensions>
    </Filter>
    <Filter Include="Resource Files">
      <UniqueIdentifier>{D9D6E242-F8AF-46E4-B9FD-80ECBC20BA3E}</UniqueIdentifier>
      <Extensions>qrc;*</Extensions>
      <ParseFiles>false</ParseFiles>
    </Filter>
    <Filter Include="Form Files">
      <UniqueIdentifier>{99349809-55BA-4b9d-BF79-8FDBB0286EB3}</UniqueIdentifier>
      <Extensions>ui</Extensions>
    </Filter>
    <Filter Include="Resource Files">
      <UniqueIdentifier>{D9D6E242-F8AF-46E4-B9FD-80ECBC20BA3E}</UniqueIdentifier>
      <Extensions>qrc;*</Extensions>
      <ParseFiles>false</ParseFiles>
    </Filter>
  </ItemGroup>
  <ItemGroup>
    <ClCompile Include="main.cpp">
      <Filter>Source Files</Filter>
    </ClCompile>
    <ClCompile Include="MyOSGEarthQT.cpp">
      <Filter>Source Files</Filter>
    </ClCompile>
    <ClCompile Include="osgqtview.cpp">
      <Filter>Source Files</Filter>
    </ClCompile>
    <ClCompile Include="PickEvent.cpp">
      <Filter>Source Files</Filter>
    </ClCompile>
    <ClCompile Include="SetLosHeight.cpp">
      <Filter>Source Files</Filter>
    </ClCompile>
    <ClCompile Include="DrawLineCallback.cpp">
      <Filter>Source Files</Filter>
    </ClCompile>
    <ClCompile Include="ViewshedPara.cpp">
      <Filter>Source Files</Filter>
    </ClCompile>
    <ClCompile Include="TerrainProfileGraph.cpp">
      <Filter>Source Files</Filter>
    </ClCompile>
    <ClCompile Include="TPGEvent.cpp">
      <Filter>Source Files</Filter>
    </ClCompile>
    <ClCompile Include="Commpass.cpp">
      <Filter>Source Files</Filter>
    </ClCompile>
    <ClCompile Include="ScaleBar.cpp">
      <Filter>Source Files</Filter>
    </ClCompile>
    <ClCompile Include="OverviewMap.cpp">
      <Filter>Source Files</Filter>
    </ClCompile>
    <ClCompile Include="DrawTool.cpp">
      <Filter>Source Files</Filter>
    </ClCompile>
    <ClCompile Include="DrawLineTool.cpp">
      <Filter>Source Files</Filter>
    </ClCompile>
    <ClCompile Include="DrawPolygonTool.cpp">
      <Filter>Source Files</Filter>
    </ClCompile>
    <ClCompile Include="DrawCircleTool.cpp">
      <Filter>Source Files</Filter>
    </ClCompile>
    <ClCompile Include="DrawRectangleTool.cpp">
      <Filter>Source Files</Filter>
    </ClCompile>
    <ClCompile Include="AngleCaculator.cpp">
      <Filter>Source Files</Filter>
    </ClCompile>
    <ClCompile Include="DistanceCaculator.cpp">
      <Filter>Source Files</Filter>
    </ClCompile>
    <ClCompile Include="AreaCaculator.cpp">
      <Filter>Source Files</Filter>
    </ClCompile>
    <ClCompile Include="CloudBlock.cpp">
      <Filter>Source Files</Filter>
    </ClCompile>
    <ClCompile Include="LabelEvent.cpp">
      <Filter>Source Files</Filter>
    </ClCompile>
    <ClCompile Include="kfz.cpp">
      <Filter>Source Files</Filter>
    </ClCompile>
    <ClCompile Include="GeoStraightArrow.cpp">
      <Filter>Source Files</Filter>
    </ClCompile>
    <ClCompile Include="PlottingMath.cpp">
      <Filter>Source Files</Filter>
    </ClCompile>
    <ClCompile Include="GeoDiagonalArrow.cpp">
      <Filter>Source Files</Filter>
    </ClCompile>
    <ClCompile Include="GeoDoubleArrow.cpp">
      <Filter>Source Files</Filter>
    </ClCompile>
    <ClCompile Include="GeoLune.cpp">
      <Filter>Source Files</Filter>
    </ClCompile>
    <ClCompile Include="GeoGatheringPlace.cpp">
      <Filter>Source Files</Filter>
    </ClCompile>
    <ClCompile Include="GeoParallelSearch.cpp">
      <Filter>Source Files</Filter>
    </ClCompile>
    <ClCompile Include="GeoSectorSearch.cpp">
      <Filter>Source Files</Filter>
    </ClCompile>
  </ItemGroup>
  <ItemGroup>
    <QtMoc Include="MyOSGEarthQT.h">
      <Filter>Header Files</Filter>
    </QtMoc>
    <QtMoc Include="SetLosHeight.h">
      <Filter>Header Files</Filter>
    </QtMoc>
    <QtMoc Include="ViewshedPara.h">
      <Filter>Header Files</Filter>
    </QtMoc>
    <QtMoc Include="kfz.h">
      <Filter>Header Files</Filter>
    </QtMoc>
  </ItemGroup>
  <ItemGroup>
    <QtUic Include="MyOSGEarthQT.ui">
      <Filter>Form Files</Filter>
    </QtUic>
    <QtUic Include="SetLosHeight.ui">
      <Filter>Form Files</Filter>
    </QtUic>
    <QtUic Include="ViewshedPara.ui">
      <Filter>Form Files</Filter>
    </QtUic>
    <QtUic Include="kfz.ui">
      <Filter>Form Files</Filter>
    </QtUic>
  </ItemGroup>
  <ItemGroup>
    <QtRcc Include="MyOSGEarthQT.qrc">
      <Filter>Resource Files</Filter>
    </QtRcc>
  </ItemGroup>
  <ItemGroup>
    <ClInclude Include="osgqtview.h">
      <Filter>Header Files</Filter>
    </ClInclude>
    <ClInclude Include="PickEvent.h">
      <Filter>Header Files</Filter>
    </ClInclude>
    <ClInclude Include="DrawLineCallback.h">
      <Filter>Header Files</Filter>
    </ClInclude>
    <ClInclude Include="common.h">
      <Filter>Header Files</Filter>
    </ClInclude>
    <ClInclude Include="TerrainProfileGraph.h">
      <Filter>Header Files</Filter>
    </ClInclude>
    <ClInclude Include="TPGEvent.h">
      <Filter>Header Files</Filter>
    </ClInclude>
    <ClInclude Include="Compass.h">
      <Filter>Header Files</Filter>
    </ClInclude>
    <ClInclude Include="ScaleBar.h">
      <Filter>Header Files</Filter>
    </ClInclude>
    <ClInclude Include="OverviewMap.h">
      <Filter>Header Files</Filter>
    </ClInclude>
    <ClInclude Include="DrawTool.h">
      <Filter>Header Files</Filter>
    </ClInclude>
    <ClInclude Include="DrawLineTool.h">
      <Filter>Header Files</Filter>
    </ClInclude>
    <ClInclude Include="DrawPolygonTool.h">
      <Filter>Header Files</Filter>
    </ClInclude>
    <ClInclude Include="DrawCircleTool.h">
      <Filter>Header Files</Filter>
    </ClInclude>
    <ClInclude Include="DrawRectangleTool.h">
      <Filter>Header Files</Filter>
    </ClInclude>
    <ClInclude Include="AngleCaculator.h">
      <Filter>Header Files</Filter>
    </ClInclude>
    <ClInclude Include="DistanceCaculator.h">
      <Filter>Header Files</Filter>
    </ClInclude>
    <ClInclude Include="AreaCaculator.h">
      <Filter>Header Files</Filter>
    </ClInclude>
    <ClInclude Include="CloudBlock.h">
      <Filter>Header Files</Filter>
    </ClInclude>
    <ClInclude Include="LabelEvent.h">
      <Filter>Header Files</Filter>
    </ClInclude>
    <ClInclude Include="GeoStraightArrow.h">
      <Filter>Header Files</Filter>
    </ClInclude>
    <ClInclude Include="PlottingMath.h">
      <Filter>Header Files</Filter>
    </ClInclude>
    <ClInclude Include="GeoDiagonalArrow.h">
      <Filter>Header Files</Filter>
    </ClInclude>
    <ClInclude Include="GeoDoubleArrow.h">
      <Filter>Header Files</Filter>
    </ClInclude>
    <ClInclude Include="GeoLune.h">
      <Filter>Header Files</Filter>
    </ClInclude>
    <ClInclude Include="GeoGatheringPlace.h">
      <Filter>Header Files</Filter>
    </ClInclude>
    <ClInclude Include="GeoParallelSearch.h">
      <Filter>Header Files</Filter>
    </ClInclude>
    <ClInclude Include="GeoSectorSearch.h">
      <Filter>Header Files</Filter>
    </ClInclude>
  </ItemGroup>
</Project>